{
  "version": "4",
  "specifiers": {
    "npm:@pinecone-database/pinecone@*": "3.0.3",
    "npm:undici@*": "6.20.1"
  },
  "npm": {
    "@pinecone-database/pinecone@3.0.3": {
      "integrity": "sha512-0cAG0d/6knVZgVyXM1II4qG3dyOepLuAQsCXTOJomdA7iQxf+/Om9mq9Cw4QObr56oZ+lqtptlw5qz0BQaBX2Q==",
      "dependencies": [
        "encoding"
      ]
    },
    "encoding@0.1.13": {
      "integrity": "sha512-ETBauow1T35Y/WZMkio9jiM0Z5xjHHmJ4XmjZOq1l/dXz3lr2sRn87nJy20RupqSh1F2m3HHPSp8ShIPQJrJ3A==",
      "dependencies": [
        "iconv-lite"
      ]
    },
    "iconv-lite@0.6.3": {
      "integrity": "sha512-4fCk79wshMdzMp2rH06qWrJE4iolqLhCUH+OiuIgU++RB0+94NlDL81atO7GX55uUKueo0txHNtvEyI6D7WdMw==",
      "dependencies": [
        "safer-buffer"
      ]
    },
    "safer-buffer@2.1.2": {
      "integrity": "sha512-YZo3K82SD7Riyi0E1EQPojLz7kpepnSQI9IyPbHHg1XXXevb5dJI7tpyN2ADxGcQbHG7vcyRHk0cbwqcQriUtg=="
    },
    "undici@6.20.1": {
      "integrity": "sha512-AjQF1QsmqfJys+LXfGTNum+qw4S88CojRInG/6t31W/1fk6G59s92bnAvGz5Cmur+kQv2SURXEvvudLmbrE8QA=="
    }
  },
  "redirects": {
    "https://deno.land/x/dotenv/mod.ts": "https://deno.land/x/dotenv@v3.2.2/mod.ts"
  },
  "remote": {
    "https://deno.land/x/dotenv@v3.2.2/mod.ts": "077b48773de9205266a0b44c3c3a3c3083449ed64bb0b6cc461b95720678d38e",
    "https://deno.land/x/dotenv@v3.2.2/util.ts": "693730877b13f8ead2b79b2aa31e2a0652862f7dc0c5f6d2f313f4d39c7b7670"
  },
  "workspace": {
    "dependencies": [
      "jsr:@std/assert@1"
    ]
  }
}
